# This file is automatically @generated by Cargo.
# It is not intended for manual editing.
version = 4

[[package]]
name = "app"
version = "0.1.0"
dependencies = [
 "simulation",
 "worldgen",
]

[[package]]
name = "simulation"
version = "0.1.0"
dependencies = [
 "world_data",
]

[[package]]
name = "world_core"
version = "0.1.0"

[[package]]
name = "world_data"
version = "0.1.0"
dependencies = [
 "world_core",
]

[[package]]
name = "worldgen"
version = "0.1.0"
dependencies = [
 "world_data",
]
